
Microsoft Visual Studio Solution File, Format Version 12.00
# Visual Studio Version 17
VisualStudioVersion = 17.2.32616.157
MinimumVisualStudioVersion = 10.0.40219.1
Project("{FAE04EC0-301F-11D3-BF4B-00C04F79EFBC}") = "BsistemaPos", "BsistemaPos\BsistemaPos.csproj", "{890AC4ED-010E-4CDB-8C77-925C2AB38774}"
EndProject
Global
	GlobalSection(SolutionConfigurationPlatforms) = preSolution
		Debug|Any CPU = Debug|Any CPU
		Release|Any CPU = Release|Any CPU
	EndGlobalSection
	GlobalSection(ProjectConfigurationPlatforms) = postSolution
		{890AC4ED-010E-4CDB-8C77-925C2AB38774}.Debug|Any CPU.ActiveCfg = Debug|Any CPU
		{890AC4ED-010E-4CDB-8C77-925C2AB38774}.Debug|Any CPU.Build.0 = Debug|Any CPU
		{890AC4ED-010E-4CDB-8C77-925C2AB38774}.Release|Any CPU.ActiveCfg = Release|Any CPU
		{890AC4ED-010E-4CDB-8C77-925C2AB38774}.Release|Any CPU.Build.0 = Release|Any CPU
	EndGlobalSection
	GlobalSection(SolutionProperties) = preSolution
		HideSolutionNode = FALSE
	EndGlobalSection
	GlobalSection(ExtensibilityGlobals) = postSolution
		SolutionGuid = {2B53367F-FD9B-4CF9-A9FF-4B828134B024}
	EndGlobalSection
EndGlobal
